
Microsoft Visual Studio Solution File, Format Version 12.00
# Visual Studio Version 16
VisualStudioVersion = 16.0.31129.286
MinimumVisualStudioVersion = 10.0.40219.1
Project("{2150E333-8FDC-42A3-9474-1A3956D46DE8}") = "Core", "Core", "{F564436F-DA75-44B9-95AD-A04B607663FC}"
EndProject
Project("{2150E333-8FDC-42A3-9474-1A3956D46DE8}") = "Infrastructure", "Infrastructure", "{8EFA9DEC-164D-44F6-B2A1-3CE378C4B21B}"
EndProject
Project("{2150E333-8FDC-42A3-9474-1A3956D46DE8}") = "UI", "UI", "{42739303-6332-4375-A284-71176BD0C257}"
EndProject
Project("{FAE04EC0-301F-11D3-BF4B-00C04F79EFBC}") = "MongoDBSynopsis.Core", "MongoDBSynopsis.Core\MongoDBSynopsis.Core.csproj", "{FB43E0ED-1E81-4371-91E7-029AE787BFE1}"
EndProject
Project("{FAE04EC0-301F-11D3-BF4B-00C04F79EFBC}") = "MongoDBSynopsis.Entities", "MongoDBSynopsis.Entities\MongoDBSynopsis.Entities.csproj", "{B3DA75A2-5D96-40DF-936A-7099ED8C11BF}"
EndProject
Project("{FAE04EC0-301F-11D3-BF4B-00C04F79EFBC}") = "MongoDBSynopsis.Infrastructure", "MongoDBSynopsis.Infrastructure\MongoDBSynopsis.Infrastructure.csproj", "{C1690707-AC83-484A-A2F4-2808A3C7BF3B}"
EndProject
Project("{FAE04EC0-301F-11D3-BF4B-00C04F79EFBC}") = "MongoDBSynopsis.Controller", "MongoDBSynopsis.Controller\MongoDBSynopsis.Controller.csproj", "{79532599-73AA-46F7-BA86-5C89A350D56C}"
EndProject
Global
	GlobalSection(SolutionConfigurationPlatforms) = preSolution
		Debug|Any CPU = Debug|Any CPU
		Release|Any CPU = Release|Any CPU
	EndGlobalSection
	GlobalSection(ProjectConfigurationPlatforms) = postSolution
		{FB43E0ED-1E81-4371-91E7-029AE787BFE1}.Debug|Any CPU.ActiveCfg = Debug|Any CPU
		{FB43E0ED-1E81-4371-91E7-029AE787BFE1}.Debug|Any CPU.Build.0 = Debug|Any CPU
		{FB43E0ED-1E81-4371-91E7-029AE787BFE1}.Release|Any CPU.ActiveCfg = Release|Any CPU
		{FB43E0ED-1E81-4371-91E7-029AE787BFE1}.Release|Any CPU.Build.0 = Release|Any CPU
		{B3DA75A2-5D96-40DF-936A-7099ED8C11BF}.Debug|Any CPU.ActiveCfg = Debug|Any CPU
		{B3DA75A2-5D96-40DF-936A-7099ED8C11BF}.Debug|Any CPU.Build.0 = Debug|Any CPU
		{B3DA75A2-5D96-40DF-936A-7099ED8C11BF}.Release|Any CPU.ActiveCfg = Release|Any CPU
		{B3DA75A2-5D96-40DF-936A-7099ED8C11BF}.Release|Any CPU.Build.0 = Release|Any CPU
		{C1690707-AC83-484A-A2F4-2808A3C7BF3B}.Debug|Any CPU.ActiveCfg = Debug|Any CPU
		{C1690707-AC83-484A-A2F4-2808A3C7BF3B}.Debug|Any CPU.Build.0 = Debug|Any CPU
		{C1690707-AC83-484A-A2F4-2808A3C7BF3B}.Release|Any CPU.ActiveCfg = Release|Any CPU
		{C1690707-AC83-484A-A2F4-2808A3C7BF3B}.Release|Any CPU.Build.0 = Release|Any CPU
		{79532599-73AA-46F7-BA86-5C89A350D56C}.Debug|Any CPU.ActiveCfg = Debug|Any CPU
		{79532599-73AA-46F7-BA86-5C89A350D56C}.Debug|Any CPU.Build.0 = Debug|Any CPU
		{79532599-73AA-46F7-BA86-5C89A350D56C}.Release|Any CPU.ActiveCfg = Release|Any CPU
		{79532599-73AA-46F7-BA86-5C89A350D56C}.Release|Any CPU.Build.0 = Release|Any CPU
	EndGlobalSection
	GlobalSection(SolutionProperties) = preSolution
		HideSolutionNode = FALSE
	EndGlobalSection
	GlobalSection(NestedProjects) = preSolution
		{FB43E0ED-1E81-4371-91E7-029AE787BFE1} = {F564436F-DA75-44B9-95AD-A04B607663FC}
		{B3DA75A2-5D96-40DF-936A-7099ED8C11BF} = {F564436F-DA75-44B9-95AD-A04B607663FC}
		{C1690707-AC83-484A-A2F4-2808A3C7BF3B} = {8EFA9DEC-164D-44F6-B2A1-3CE378C4B21B}
		{79532599-73AA-46F7-BA86-5C89A350D56C} = {42739303-6332-4375-A284-71176BD0C257}
	EndGlobalSection
	GlobalSection(ExtensibilityGlobals) = postSolution
		SolutionGuid = {A963A82D-CB42-47B9-933F-62B69882CD71}
	EndGlobalSection
EndGlobal
